// !$*UTF8*$!
{
	archiveVersion = 1;
	classes = {
	};
	objectVersion = 50;
	objects = {

/* Begin PBXBuildFile section */
		C078517D248793DE00358E63 /* AppDelegate.swift in Sources */ = {isa = PBXBuildFile; fileRef = C078517C248793DE00358E63 /* AppDelegate.swift */; };
		C078517F248793DE00358E63 /* SceneDelegate.swift in Sources */ = {isa = PBXBuildFile; fileRef = C078517E248793DE00358E63 /* SceneDelegate.swift */; };
		C0785181248793DE00358E63 /* ViewController.swift in Sources */ = {isa = PBXBuildFile; fileRef = C0785180248793DE00358E63 /* ViewController.swift */; };
		C0785184248793DE00358E63 /* Main.storyboard in Resources */ = {isa = PBXBuildFile; fileRef = C0785182248793DE00358E63 /* Main.storyboard */; };
		C0785186248793E100358E63 /* Assets.xcassets in Resources */ = {isa = PBXBuildFile; fileRef = C0785185248793E100358E63 /* Assets.xcassets */; };
		C0785189248793E100358E63 /* LaunchScreen.storyboard in Resources */ = {isa = PBXBuildFile; fileRef = C0785187248793E100358E63 /* LaunchScreen.storyboard */; };
		C078519524879F7400358E63 /* C2_Publisher_Subscribers.swift in Sources */ = {isa = PBXBuildFile; fileRef = C078519424879F7400358E63 /* C2_Publisher_Subscribers.swift */; };
/* End PBXBuildFile section */

/* Begin PBXFileReference section */
		C064A81B2488877300C7BA04 /* README.md */ = {isa = PBXFileReference; lastKnownFileType = net.daringfireball.markdown; path = README.md; sourceTree = "<group>"; };
		C0785179248793DE00358E63 /* MyCombine.app */ = {isa = PBXFileReference; explicitFileType = wrapper.application; includeInIndex = 0; path = MyCombine.app; sourceTree = BUILT_PRODUCTS_DIR; };
		C078517C248793DE00358E63 /* AppDelegate.swift */ = {isa = PBXFileReference; lastKnownFileType = sourcecode.swift; path = AppDelegate.swift; sourceTree = "<group>"; };
		C078517E248793DE00358E63 /* SceneDelegate.swift */ = {isa = PBXFileReference; lastKnownFileType = sourcecode.swift; path = SceneDelegate.swift; sourceTree = "<group>"; };
		C0785180248793DE00358E63 /* ViewController.swift */ = {isa = PBXFileReference; lastKnownFileType = sourcecode.swift; path = ViewController.swift; sourceTree = "<group>"; };
		C0785183248793DE00358E63 /* Base */ = {isa = PBXFileReference; lastKnownFileType = file.storyboard; name = Base; path = Base.lproj/Main.storyboard; sourceTree = "<group>"; };
		C0785185248793E100358E63 /* Assets.xcassets */ = {isa = PBXFileReference; lastKnownFileType = folder.assetcatalog; path = Assets.xcassets; sourceTree = "<group>"; };
		C0785188248793E100358E63 /* Base */ = {isa = PBXFileReference; lastKnownFileType = file.storyboard; name = Base; path = Base.lproj/LaunchScreen.storyboard; sourceTree = "<group>"; };
		C078518A248793E100358E63 /* Info.plist */ = {isa = PBXFileReference; lastKnownFileType = text.plist.xml; path = Info.plist; sourceTree = "<group>"; };
		C078519424879F7400358E63 /* C2_Publisher_Subscribers.swift */ = {isa = PBXFileReference; lastKnownFileType = sourcecode.swift; path = C2_Publisher_Subscribers.swift; sourceTree = "<group>"; };
/* End PBXFileReference section */

/* Begin PBXFrameworksBuildPhase section */
		C0785176248793DE00358E63 /* Frameworks */ = {
			isa = PBXFrameworksBuildPhase;
			buildActionMask = 2147483647;
			files = (
			);
			runOnlyForDeploymentPostprocessing = 0;
		};
/* End PBXFrameworksBuildPhase section */

/* Begin PBXGroup section */
		C0785170248793DE00358E63 = {
			isa = PBXGroup;
			children = (
				C078517B248793DE00358E63 /* MyCombine */,
				C078517A248793DE00358E63 /* Products */,
			);
			sourceTree = "<group>";
		};
		C078517A248793DE00358E63 /* Products */ = {
			isa = PBXGroup;
			children = (
				C0785179248793DE00358E63 /* MyCombine.app */,
			);
			name = Products;
			sourceTree = "<group>";
		};
		C078517B248793DE00358E63 /* MyCombine */ = {
			isa = PBXGroup;
			children = (
				C064A81B2488877300C7BA04 /* README.md */,
				C078519024879EEF00358E63 /* C2_Publishers & Subscribers */,
				C078517C248793DE00358E63 /* AppDelegate.swift */,
				C078517E248793DE00358E63 /* SceneDelegate.swift */,
				C0785180248793DE00358E63 /* ViewController.swift */,
				C0785182248793DE00358E63 /* Main.storyboard */,
				C0785185248793E100358E63 /* Assets.xcassets */,
				C0785187248793E100358E63 /* LaunchScreen.storyboard */,
				C078518A248793E100358E63 /* Info.plist */,
			);
			path = MyCombine;
			sourceTree = "<group>";
		};
		C078519024879EEF00358E63 /* C2_Publishers & Subscribers */ = {
			isa = PBXGroup;
			children = (
				C078519424879F7400358E63 /* C2_Publisher_Subscribers.swift */,
			);
			path = "C2_Publishers & Subscribers";
			sourceTree = "<group>";
		};
/* End PBXGroup section */

/* Begin PBXNativeTarget section */
		C0785178248793DE00358E63 /* MyCombine */ = {
			isa = PBXNativeTarget;
			buildConfigurationList = C078518D248793E100358E63 /* Build configuration list for PBXNativeTarget "MyCombine" */;
			buildPhases = (
				C0785175248793DE00358E63 /* Sources */,
				C0785176248793DE00358E63 /* Frameworks */,
				C0785177248793DE00358E63 /* Resources */,
			);
			buildRules = (
			);
			dependencies = (
			);
			name = MyCombine;
			productName = MyCombine;
			productReference = C0785179248793DE00358E63 /* MyCombine.app */;
			productType = "com.apple.product-type.application";
		};
/* End PBXNativeTarget section */

/* Begin PBXProject section */
		C0785171248793DE00358E63 /* Project object */ = {
			isa = PBXProject;
			attributes = {
				LastSwiftUpdateCheck = 1150;
				LastUpgradeCheck = 1150;
				ORGANIZATIONNAME = brown;
				TargetAttributes = {
					C0785178248793DE00358E63 = {
						CreatedOnToolsVersion = 11.5;
					};
				};
			};
			buildConfigurationList = C0785174248793DE00358E63 /* Build configuration list for PBXProject "MyCombine" */;
			compatibilityVersion = "Xcode 9.3";
			developmentRegion = en;
			hasScannedForEncodings = 0;
			knownRegions = (
				en,
				Base,
			);
			mainGroup = C0785170248793DE00358E63;
			productRefGroup = C078517A248793DE00358E63 /* Products */;
			projectDirPath = "";
			projectRoot = "";
			targets = (
				C0785178248793DE00358E63 /* MyCombine */,
			);
		};
/* End PBXProject section */

/* Begin PBXResourcesBuildPhase section */
		C0785177248793DE00358E63 /* Resources */ = {
			isa = PBXResourcesBuildPhase;
			buildActionMask = 2147483647;
			files = (
				C0785189248793E100358E63 /* LaunchScreen.storyboard in Resources */,
				C0785186248793E100358E63 /* Assets.xcassets in Resources */,
				C0785184248793DE00358E63 /* Main.storyboard in Resources */,
			);
			runOnlyForDeploymentPostprocessing = 0;
		};
/* End PBXResourcesBuildPhase section */

/* Begin PBXSourcesBuildPhase section */
		C0785175248793DE00358E63 /* Sources */ = {
			isa = PBXSourcesBuildPhase;
			buildActionMask = 2147483647;
			files = (
				C0785181248793DE00358E63 /* ViewController.swift in Sources */,
				C078519524879F7400358E63 /* C2_Publisher_Subscribers.swift in Sources */,
				C078517D248793DE00358E63 /* AppDelegate.swift in Sources */,
				C078517F248793DE00358E63 /* SceneDelegate.swift in Sources */,
			);
			runOnlyForDeploymentPostprocessing = 0;
		};
/* End PBXSourcesBuildPhase section */

/* Begin PBXVariantGroup section */
		C0785182248793DE00358E63 /* Main.storyboard */ = {
			isa = PBXVariantGroup;
			children = (
				C0785183248793DE00358E63 /* Base */,
			);
			name = Main.storyboard;
			sourceTree = "<group>";
		};
		C0785187248793E100358E63 /* LaunchScreen.storyboard */ = {
			isa = PBXVariantGroup;
			children = (
				C0785188248793E100358E63 /* Base */,
			);
			name = LaunchScreen.storyboard;
			sourceTree = "<group>";
		};
/* End PBXVariantGroup section */

/* Begin XCBuildConfiguration section */
		C078518B248793E100358E63 /* Debug */ = {
			isa = XCBuildConfiguration;
			buildSettings = {
				ALWAYS_SEARCH_USER_PATHS = NO;
				CLANG_ANALYZER_NONNULL = YES;
				CLANG_ANALYZER_NUMBER_OBJECT_CONVERSION = YES_AGGRESSIVE;
				CLANG_CXX_LANGUAGE_STANDARD = "gnu++14";
				CLANG_CXX_LIBRARY = "libc++";
				CLANG_ENABLE_MODULES = YES;
				CLANG_ENABLE_OBJC_ARC = YES;
				CLANG_ENABLE_OBJC_WEAK = YES;
				CLANG_WARN_BLOCK_CAPTURE_AUTORELEASING = YES;
				CLANG_WARN_BOOL_CONVERSION = YES;
				CLANG_WARN_COMMA = YES;
				CLANG_WARN_CONSTANT_CONVERSION = YES;
				CLANG_WARN_DEPRECATED_OBJC_IMPLEMENTATIONS = YES;
				CLANG_WARN_DIRECT_OBJC_ISA_USAGE = YES_ERROR;
				CLANG_WARN_DOCUMENTATION_COMMENTS = YES;
				CLANG_WARN_EMPTY_BODY = YES;
				CLANG_WARN_ENUM_CONVERSION = YES;
				CLANG_WARN_INFINITE_RECURSION = YES;
				CLANG_WARN_INT_CONVERSION = YES;
				CLANG_WARN_NON_LITERAL_NULL_CONVERSION = YES;
				CLANG_WARN_OBJC_IMPLICIT_RETAIN_SELF = YES;
				CLANG_WARN_OBJC_LITERAL_CONVERSION = YES;
				CLANG_WARN_OBJC_ROOT_CLASS = YES_ERROR;
				CLANG_WARN_RANGE_LOOP_ANALYSIS = YES;
				CLANG_WARN_STRICT_PROTOTYPES = YES;
				CLANG_WARN_SUSPICIOUS_MOVE = YES;
				CLANG_WARN_UNGUARDED_AVAILABILITY = YES_AGGRESSIVE;
				CLANG_WARN_UNREACHABLE_CODE = YES;
				CLANG_WARN__DUPLICATE_METHOD_MATCH = YES;
				COPY_PHASE_STRIP = NO;
				DEBUG_INFORMATION_FORMAT = dwarf;
				ENABLE_STRICT_OBJC_MSGSEND = YES;
				ENABLE_TESTABILITY = YES;
				GCC_C_LANGUAGE_STANDARD = gnu11;
				GCC_DYNAMIC_NO_PIC = NO;
				GCC_NO_COMMON_BLOCKS = YES;
				GCC_OPTIMIZATION_LEVEL = 0;
				GCC_PREPROCESSOR_DEFINITIONS = (
					"DEBUG=1",
					"$(inherited)",
				);
				GCC_WARN_64_TO_32_BIT_CONVERSION = YES;
				GCC_WARN_ABOUT_RETURN_TYPE = YES_ERROR;
				GCC_WARN_UNDECLARED_SELECTOR = YES;
				GCC_WARN_UNINITIALIZED_AUTOS = YES_AGGRESSIVE;
				GCC_WARN_UNUSED_FUNCTION = YES;
				GCC_WARN_UNUSED_VARIABLE = YES;
				IPHONEOS_DEPLOYMENT_TARGET = 13.0;
				MTL_ENABLE_DEBUG_INFO = INCLUDE_SOURCE;
				MTL_FAST_MATH = YES;
				ONLY_ACTIVE_ARCH = YES;
				SDKROOT = iphoneos;
				SWIFT_ACTIVE_COMPILATION_CONDITIONS = DEBUG;
				SWIFT_OPTIMIZATION_LEVEL = "-Onone";
			};
			name = Debug;
		};
		C078518C248793E100358E63 /* Release */ = {
			isa = XCBuildConfiguration;
			buildSettings = {
				ALWAYS_SEARCH_USER_PATHS = NO;
				CLANG_ANALYZER_NONNULL = YES;
				CLANG_ANALYZER_NUMBER_OBJECT_CONVERSION = YES_AGGRESSIVE;
				CLANG_CXX_LANGUAGE_STANDARD = "gnu++14";
				CLANG_CXX_LIBRARY = "libc++";
				CLANG_ENABLE_MODULES = YES;
				CLANG_ENABLE_OBJC_ARC = YES;
				CLANG_ENABLE_OBJC_WEAK = YES;
				CLANG_WARN_BLOCK_CAPTURE_AUTORELEASING = YES;
				CLANG_WARN_BOOL_CONVERSION = YES;
				CLANG_WARN_COMMA = YES;
				CLANG_WARN_CONSTANT_CONVERSION = YES;
				CLANG_WARN_DEPRECATED_OBJC_IMPLEMENTATIONS = YES;
				CLANG_WARN_DIRECT_OBJC_ISA_USAGE = YES_ERROR;
				CLANG_WARN_DOCUMENTATION_COMMENTS = YES;
				CLANG_WARN_EMPTY_BODY = YES;
				CLANG_WARN_ENUM_CONVERSION = YES;
				CLANG_WARN_INFINITE_RECURSION = YES;
				CLANG_WARN_INT_CONVERSION = YES;
				CLANG_WARN_NON_LITERAL_NULL_CONVERSION = YES;
				CLANG_WARN_OBJC_IMPLICIT_RETAIN_SELF = YES;
				CLANG_WARN_OBJC_LITERAL_CONVERSION = YES;
				CLANG_WARN_OBJC_ROOT_CLASS = YES_ERROR;
				CLANG_WARN_RANGE_LOOP_ANALYSIS = YES;
				CLANG_WARN_STRICT_PROTOTYPES = YES;
				CLANG_WARN_SUSPICIOUS_MOVE = YES;
				CLANG_WARN_UNGUARDED_AVAILABILITY = YES_AGGRESSIVE;
				CLANG_WARN_UNREACHABLE_CODE = YES;
				CLANG_WARN__DUPLICATE_METHOD_MATCH = YES;
				COPY_PHASE_STRIP = NO;
				DEBUG_INFORMATION_FORMAT = "dwarf-with-dsym";
				ENABLE_NS_ASSERTIONS = NO;
				ENABLE_STRICT_OBJC_MSGSEND = YES;
				GCC_C_LANGUAGE_STANDARD = gnu11;
				GCC_NO_COMMON_BLOCKS = YES;
				GCC_WARN_64_TO_32_BIT_CONVERSION = YES;
				GCC_WARN_ABOUT_RETURN_TYPE = YES_ERROR;
				GCC_WARN_UNDECLARED_SELECTOR = YES;
				GCC_WARN_UNINITIALIZED_AUTOS = YES_AGGRESSIVE;
				GCC_WARN_UNUSED_FUNCTION = YES;
				GCC_WARN_UNUSED_VARIABLE = YES;
				IPHONEOS_DEPLOYMENT_TARGET = 13.0;
				MTL_ENABLE_DEBUG_INFO = NO;
				MTL_FAST_MATH = YES;
				SDKROOT = iphoneos;
				SWIFT_COMPILATION_MODE = wholemodule;
				SWIFT_OPTIMIZATION_LEVEL = "-O";
				VALIDATE_PRODUCT = YES;
			};
			name = Release;
		};
		C078518E248793E100358E63 /* Debug */ = {
			isa = XCBuildConfiguration;
			buildSettings = {
				ASSETCATALOG_COMPILER_APPICON_NAME = AppIcon;
				CODE_SIGN_STYLE = Automatic;
				DEVELOPMENT_TEAM = V52W229XV3;
				INFOPLIST_FILE = MyCombine/Info.plist;
				LD_RUNPATH_SEARCH_PATHS = (
					"$(inherited)",
					"@executable_path/Frameworks",
				);
				PRODUCT_BUNDLE_IDENTIFIER = com.nulllun.MyCombine;
				PRODUCT_NAME = "$(TARGET_NAME)";
				SWIFT_VERSION = 5.0;
				TARGETED_DEVICE_FAMILY = "1,2";
			};
			name = Debug;
		};
		C078518F248793E100358E63 /* Release */ = {
			isa = XCBuildConfiguration;
			buildSettings = {
				ASSETCATALOG_COMPILER_APPICON_NAME = AppIcon;
				CODE_SIGN_STYLE = Automatic;
				DEVELOPMENT_TEAM = V52W229XV3;
				INFOPLIST_FILE = MyCombine/Info.plist;
				LD_RUNPATH_SEARCH_PATHS = (
					"$(inherited)",
					"@executable_path/Frameworks",
				);
				PRODUCT_BUNDLE_IDENTIFIER = com.nulllun.MyCombine;
				PRODUCT_NAME = "$(TARGET_NAME)";
				SWIFT_VERSION = 5.0;
				TARGETED_DEVICE_FAMILY = "1,2";
			};
			name = Release;
		};
/* End XCBuildConfiguration section */

/* Begin XCConfigurationList section */
		C0785174248793DE00358E63 /* Build configuration list for PBXProject "MyCombine" */ = {
			isa = XCConfigurationList;
			buildConfigurations = (
				C078518B248793E100358E63 /* Debug */,
				C078518C248793E100358E63 /* Release */,
			);
			defaultConfigurationIsVisible = 0;
			defaultConfigurationName = Release;
		};
		C078518D248793E100358E63 /* Build configuration list for PBXNativeTarget "MyCombine" */ = {
			isa = XCConfigurationList;
			buildConfigurations = (
				C078518E248793E100358E63 /* Debug */,
				C078518F248793E100358E63 /* Release */,
			);
			defaultConfigurationIsVisible = 0;
			defaultConfigurationName = Release;
		};
/* End XCConfigurationList section */
	};
	rootObject = C0785171248793DE00358E63 /* Project object */;
}
